version: 2.0
shards:
  ameba:
    git: https://github.com/crystal-ameba/ameba.git
    version: 1.4.0

  athena:
    git: https://github.com/athena-framework/framework.git
    version: 0.17.1+git.commit.95e1b5cf214e2f1a97e8069e64d10673bd37dffa

  athena-config:
    git: https://github.com/athena-framework/config.git
    version: 0.3.1

  athena-console:
    git: https://github.com/athena-framework/console.git
    version: 0.3.1

  athena-dependency_injection:
    git: https://github.com/athena-framework/dependency-injection.git
    version: 0.3.5

  athena-event_dispatcher:
    git: https://github.com/athena-framework/event-dispatcher.git
    version: 0.2.1

  athena-image_size:
    git: https://github.com/athena-framework/image-size.git
    version: 0.1.1

  athena-negotiation:
    git: https://github.com/athena-framework/negotiation.git
    version: 0.1.2

  athena-routing:
    git: https://github.com/athena-framework/routing.git
    version: 0.1.4

  athena-serializer:
    git: https://github.com/athena-framework/serializer.git
    version: 0.3.2

  athena-spec:
    git: https://github.com/athena-framework/spec.git
    version: 0.3.2

  athena-validator:
    git: https://github.com/athena-framework/validator.git
    version: 0.3.0

