version: 2.0
shards:
  ameba:
    git: https://github.com/crystal-ameba/ameba.git
    version: 1.4.3

  athena:
    git: https://github.com/athena-framework/framework.git
    version: 0.18.0

  athena-config:
    git: https://github.com/athena-framework/config.git
    version: 0.3.2

  athena-console:
    git: https://github.com/athena-framework/console.git
    version: 0.3.2

  athena-dependency_injection:
    git: https://github.com/athena-framework/dependency-injection.git
    version: 0.3.6

  athena-event_dispatcher:
    git: https://github.com/athena-framework/event-dispatcher.git
    version: 0.2.2

  athena-image_size:
    git: https://github.com/athena-framework/image-size.git
    version: 0.1.1

  athena-negotiation:
    git: https://github.com/athena-framework/negotiation.git
    version: 0.1.3

  athena-routing:
    git: https://github.com/athena-framework/routing.git
    version: 0.1.5

  athena-serializer:
    git: https://github.com/athena-framework/serializer.git
    version: 0.3.3

  athena-spec:
    git: https://github.com/athena-framework/spec.git
    version: 0.3.4

  athena-validator:
    git: https://github.com/athena-framework/validator.git
    version: 0.3.1

