version: 2.0
shards:
  athena:
    git: https://github.com/athena-framework/framework.git
    version: 0.17.1+git.commit.f5cf452f18299d2b903a9286ecd5b8c5a31a6ee3

  athena-config:
    git: https://github.com/athena-framework/config.git
    version: 0.3.1

  athena-console:
    git: https://github.com/athena-framework/console.git
    version: 0.3.0

  athena-dependency_injection:
    git: https://github.com/athena-framework/dependency-injection.git
    version: 0.3.4

  athena-event_dispatcher:
    git: https://github.com/athena-framework/event-dispatcher.git
    version: 0.2.0

  athena-image_size:
    git: https://github.com/athena-framework/image-size.git
    version: 0.1.1

  athena-negotiation:
    git: https://github.com/athena-framework/negotiation.git
    version: 0.1.2

  athena-routing:
    git: https://github.com/athena-framework/routing.git
    version: 0.1.4

  athena-serializer:
    git: https://github.com/athena-framework/serializer.git
    version: 0.3.2

  athena-spec:
    git: https://github.com/athena-framework/spec.git
    version: 0.3.1

  athena-validator:
    git: https://github.com/athena-framework/validator.git
    version: 0.3.0

